
Microsoft Visual Studio Solution File, Format Version 12.00
# Visual Studio Version 16
VisualStudioVersion = 16.0.29230.47
MinimumVisualStudioVersion = 10.0.40219.1
Project("{FAE04EC0-301F-11D3-BF4B-00C04F79EFBC}") = "EntityFrameWork-1", "EntityFrameWork-1\EntityFrameWork-1.csproj", "{56B4A672-D190-4F3B-B1D2-4C623D3548D3}"
EndProject
Global
	GlobalSection(SolutionConfigurationPlatforms) = preSolution
		Debug|Any CPU = Debug|Any CPU
		Release|Any CPU = Release|Any CPU
	EndGlobalSection
	GlobalSection(ProjectConfigurationPlatforms) = postSolution
		{56B4A672-D190-4F3B-B1D2-4C623D3548D3}.Debug|Any CPU.ActiveCfg = Debug|Any CPU
		{56B4A672-D190-4F3B-B1D2-4C623D3548D3}.Debug|Any CPU.Build.0 = Debug|Any CPU
		{56B4A672-D190-4F3B-B1D2-4C623D3548D3}.Release|Any CPU.ActiveCfg = Release|Any CPU
		{56B4A672-D190-4F3B-B1D2-4C623D3548D3}.Release|Any CPU.Build.0 = Release|Any CPU
	EndGlobalSection
	GlobalSection(SolutionProperties) = preSolution
		HideSolutionNode = FALSE
	EndGlobalSection
	GlobalSection(ExtensibilityGlobals) = postSolution
		SolutionGuid = {915665FF-A052-4C48-8F76-F6099BA14AE2}
	EndGlobalSection
EndGlobal
